
Microsoft Visual Studio Solution File, Format Version 12.00
# Visual Studio 2013
VisualStudioVersion = 12.0.21005.1
MinimumVisualStudioVersion = 10.0.40219.1
Project("{F184B08F-C81C-45F6-A57F-5ABD9991F28F}") = "OneLine3", "OneLine3\OneLine3.vbproj", "{E3B75E72-95B3-4D1B-8898-4235C542D463}"
EndProject
Global
	GlobalSection(SolutionConfigurationPlatforms) = preSolution
		Debug|Any CPU = Debug|Any CPU
		Release|Any CPU = Release|Any CPU
	EndGlobalSection
	GlobalSection(ProjectConfigurationPlatforms) = postSolution
		{E3B75E72-95B3-4D1B-8898-4235C542D463}.Debug|Any CPU.ActiveCfg = Release|Any CPU
		{E3B75E72-95B3-4D1B-8898-4235C542D463}.Debug|Any CPU.Build.0 = Release|Any CPU
		{E3B75E72-95B3-4D1B-8898-4235C542D463}.Release|Any CPU.ActiveCfg = Release|Any CPU
		{E3B75E72-95B3-4D1B-8898-4235C542D463}.Release|Any CPU.Build.0 = Release|Any CPU
	EndGlobalSection
	GlobalSection(SolutionProperties) = preSolution
		HideSolutionNode = FALSE
	EndGlobalSection
EndGlobal
